
Microsoft Visual Studio Solution File, Format Version 12.00
# Visual Studio Version 16
VisualStudioVersion = 16.0.33328.57
MinimumVisualStudioVersion = 10.0.40219.1
Project("{FAE04EC0-301F-11D3-BF4B-00C04F79EFBC}") = "DateTimeEx", "DateTimeEx\DateTimeEx.csproj", "{6B9DE1E8-F77B-440E-87CD-7B483738342D}"
EndProject
Global
	GlobalSection(SolutionConfigurationPlatforms) = preSolution
		Debug|Any CPU = Debug|Any CPU
		Release|Any CPU = Release|Any CPU
	EndGlobalSection
	GlobalSection(ProjectConfigurationPlatforms) = postSolution
		{6B9DE1E8-F77B-440E-87CD-7B483738342D}.Debug|Any CPU.ActiveCfg = Debug|Any CPU
		{6B9DE1E8-F77B-440E-87CD-7B483738342D}.Debug|Any CPU.Build.0 = Debug|Any CPU
		{6B9DE1E8-F77B-440E-87CD-7B483738342D}.Release|Any CPU.ActiveCfg = Release|Any CPU
		{6B9DE1E8-F77B-440E-87CD-7B483738342D}.Release|Any CPU.Build.0 = Release|Any CPU
	EndGlobalSection
	GlobalSection(SolutionProperties) = preSolution
		HideSolutionNode = FALSE
	EndGlobalSection
	GlobalSection(ExtensibilityGlobals) = postSolution
		SolutionGuid = {814CB826-E614-495D-B9A6-1245A8FA4CC7}
	EndGlobalSection
EndGlobal
